
Microsoft Visual Studio Solution File, Format Version 12.00
# Visual Studio Version 16
VisualStudioVersion = 16.0.30804.86
MinimumVisualStudioVersion = 10.0.40219.1
Project("{FAE04EC0-301F-11D3-BF4B-00C04F79EFBC}") = "BroadcastApi", "BroadcastApi\BroadcastApi.csproj", "{702FBA90-3058-4F3C-AABF-AE8345A10939}"
EndProject
Global
	GlobalSection(SolutionConfigurationPlatforms) = preSolution
		Debug|Any CPU = Debug|Any CPU
		Release|Any CPU = Release|Any CPU
	EndGlobalSection
	GlobalSection(ProjectConfigurationPlatforms) = postSolution
		{702FBA90-3058-4F3C-AABF-AE8345A10939}.Debug|Any CPU.ActiveCfg = Debug|Any CPU
		{702FBA90-3058-4F3C-AABF-AE8345A10939}.Debug|Any CPU.Build.0 = Debug|Any CPU
		{702FBA90-3058-4F3C-AABF-AE8345A10939}.Release|Any CPU.ActiveCfg = Release|Any CPU
		{702FBA90-3058-4F3C-AABF-AE8345A10939}.Release|Any CPU.Build.0 = Release|Any CPU
	EndGlobalSection
	GlobalSection(SolutionProperties) = preSolution
		HideSolutionNode = FALSE
	EndGlobalSection
	GlobalSection(ExtensibilityGlobals) = postSolution
		SolutionGuid = {0CE7D471-AC7E-4638-937B-E8775CC75897}
	EndGlobalSection
EndGlobal
